{
  "name": "custom-vscode-themes",
  "lockfileVersion": 3,
  "requires": true,
  "packages": {
    "": {
      "name": "custom-vscode-themes",
      "workspaces": [
        "themes",
        "demonstrations"
      ]
    },
    "demonstrations": {
      "name": "bulk-codesnap-runner",
      "version": "0.0.1",
      "engines": {
        "vscode": "^1.60.0"
      }
    },
    "node_modules/bulk-codesnap-runner": {
      "resolved": "demonstrations",
      "link": true
    },
    "node_modules/custom-vscode-themes": {
      "resolved": "themes",
      "link": true
    },
    "themes": {
      "name": "custom-vscode-themes",
      "version": "1.0.0",
      "license": "MIT",
      "engines": {
        "vscode": "^1.50.0"
      }
    }
  }
}
