{
  "name": "custom-vscode-themes",
  "version": "1.0.0",
  "lockfileVersion": 3,
  "requires": true,
  "packages": {
    "": {
      "name": "custom-vscode-themes",
      "version": "1.0.0",
      "license": "MIT",
      "engines": {
        "vscode": "^1.50.0"
      }
    },
    "demonstrations": {
      "name": "bulk-codesnap-runner",
      "version": "0.0.1",
      "extraneous": true,
      "engines": {
        "vscode": "^1.60.0"
      }
    },
    "themes": {
      "name": "custom-vscode-themes",
      "version": "1.0.0",
      "extraneous": true,
      "license": "MIT",
      "engines": {
        "vscode": "^1.50.0"
      }
    }
  }
}
